
Microsoft Visual Studio Solution File, Format Version 12.00
# Visual Studio Version 17
VisualStudioVersion = 17.0.31919.166
MinimumVisualStudioVersion = 10.0.40219.1
Project("{9A19103F-16F7-4668-BE54-9A1E7A4F7556}") = "DemoLibrary", "DemoLibrary\DemoLibrary.csproj", "{67636E60-094E-4FFA-9208-3E7B9051A56D}"
EndProject
Project("{9A19103F-16F7-4668-BE54-9A1E7A4F7556}") = "ConsoleUI", "ConsoleUI\ConsoleUI.csproj", "{C5C04A3E-F1BA-438B-8C4D-B3AC3E130E2C}"
EndProject
Project("{9A19103F-16F7-4668-BE54-9A1E7A4F7556}") = "WinFormUI", "WinFormUI\WinFormUI.csproj", "{1E13CE8F-D43C-4289-A86E-E51736D3AB81}"
EndProject
Project("{FAE04EC0-301F-11D3-BF4B-00C04F79EFBC}") = "EventsAndDelegatesDemo", "EventsAndDelegatesDemo\EventsAndDelegatesDemo.csproj", "{CA4D469D-F6B1-42FC-AA79-AEF3ACC02EF4}"
EndProject
Global
	GlobalSection(SolutionConfigurationPlatforms) = preSolution
		Debug|Any CPU = Debug|Any CPU
		Release|Any CPU = Release|Any CPU
	EndGlobalSection
	GlobalSection(ProjectConfigurationPlatforms) = postSolution
		{67636E60-094E-4FFA-9208-3E7B9051A56D}.Debug|Any CPU.ActiveCfg = Debug|Any CPU
		{67636E60-094E-4FFA-9208-3E7B9051A56D}.Debug|Any CPU.Build.0 = Debug|Any CPU
		{67636E60-094E-4FFA-9208-3E7B9051A56D}.Release|Any CPU.ActiveCfg = Release|Any CPU
		{67636E60-094E-4FFA-9208-3E7B9051A56D}.Release|Any CPU.Build.0 = Release|Any CPU
		{C5C04A3E-F1BA-438B-8C4D-B3AC3E130E2C}.Debug|Any CPU.ActiveCfg = Debug|Any CPU
		{C5C04A3E-F1BA-438B-8C4D-B3AC3E130E2C}.Debug|Any CPU.Build.0 = Debug|Any CPU
		{C5C04A3E-F1BA-438B-8C4D-B3AC3E130E2C}.Release|Any CPU.ActiveCfg = Release|Any CPU
		{C5C04A3E-F1BA-438B-8C4D-B3AC3E130E2C}.Release|Any CPU.Build.0 = Release|Any CPU
		{1E13CE8F-D43C-4289-A86E-E51736D3AB81}.Debug|Any CPU.ActiveCfg = Debug|Any CPU
		{1E13CE8F-D43C-4289-A86E-E51736D3AB81}.Debug|Any CPU.Build.0 = Debug|Any CPU
		{1E13CE8F-D43C-4289-A86E-E51736D3AB81}.Release|Any CPU.ActiveCfg = Release|Any CPU
		{1E13CE8F-D43C-4289-A86E-E51736D3AB81}.Release|Any CPU.Build.0 = Release|Any CPU
		{CA4D469D-F6B1-42FC-AA79-AEF3ACC02EF4}.Debug|Any CPU.ActiveCfg = Debug|Any CPU
		{CA4D469D-F6B1-42FC-AA79-AEF3ACC02EF4}.Debug|Any CPU.Build.0 = Debug|Any CPU
		{CA4D469D-F6B1-42FC-AA79-AEF3ACC02EF4}.Release|Any CPU.ActiveCfg = Release|Any CPU
		{CA4D469D-F6B1-42FC-AA79-AEF3ACC02EF4}.Release|Any CPU.Build.0 = Release|Any CPU
	EndGlobalSection
	GlobalSection(SolutionProperties) = preSolution
		HideSolutionNode = FALSE
	EndGlobalSection
	GlobalSection(ExtensibilityGlobals) = postSolution
		SolutionGuid = {FD834BFD-21F4-4A9B-BB46-5F6CB56C6BF8}
	EndGlobalSection
EndGlobal
